// !$*UTF8*$!
{
	archiveVersion = 1;
	classes = {
	};
	objectVersion = 55;
	objects = {

/* Begin PBXBuildFile section */
		053429CD286323F40039D2FE /* WatchApp_Gauge WatchKit App.app in Embed Watch Content */ = {isa = PBXBuildFile; fileRef = 053429CC286323F40039D2FE /* WatchApp_Gauge WatchKit App.app */; settings = {ATTRIBUTES = (RemoveHeadersOnCopy, ); }; };
		053429D2286323F50039D2FE /* Assets.xcassets in Resources */ = {isa = PBXBuildFile; fileRef = 053429D1286323F50039D2FE /* Assets.xcassets */; };
		053429D8286323F50039D2FE /* WatchApp_Gauge WatchKit Extension.appex in Embed App Extensions */ = {isa = PBXBuildFile; fileRef = 053429D7286323F50039D2FE /* WatchApp_Gauge WatchKit Extension.appex */; settings = {ATTRIBUTES = (RemoveHeadersOnCopy, ); }; };
		053429DD286323F50039D2FE /* WatchApp_GaugeApp.swift in Sources */ = {isa = PBXBuildFile; fileRef = 053429DC286323F50039D2FE /* WatchApp_GaugeApp.swift */; };
		053429DF286323F50039D2FE /* ContentView.swift in Sources */ = {isa = PBXBuildFile; fileRef = 053429DE286323F50039D2FE /* ContentView.swift */; };
		053429E1286323F50039D2FE /* NotificationController.swift in Sources */ = {isa = PBXBuildFile; fileRef = 053429E0286323F50039D2FE /* NotificationController.swift */; };
		053429E3286323F50039D2FE /* NotificationView.swift in Sources */ = {isa = PBXBuildFile; fileRef = 053429E2286323F50039D2FE /* NotificationView.swift */; };
		053429E5286323F50039D2FE /* ComplicationController.swift in Sources */ = {isa = PBXBuildFile; fileRef = 053429E4286323F50039D2FE /* ComplicationController.swift */; };
		053429E7286323F60039D2FE /* Assets.xcassets in Resources */ = {isa = PBXBuildFile; fileRef = 053429E6286323F60039D2FE /* Assets.xcassets */; };
		053429EA286323F60039D2FE /* Preview Assets.xcassets in Resources */ = {isa = PBXBuildFile; fileRef = 053429E9286323F60039D2FE /* Preview Assets.xcassets */; };
/* End PBXBuildFile section */

/* Begin PBXContainerItemProxy section */
		053429CE286323F40039D2FE /* PBXContainerItemProxy */ = {
			isa = PBXContainerItemProxy;
			containerPortal = 053429C2286323F40039D2FE /* Project object */;
			proxyType = 1;
			remoteGlobalIDString = 053429CB286323F40039D2FE;
			remoteInfo = "WatchApp_Gauge WatchKit App";
		};
		053429D9286323F50039D2FE /* PBXContainerItemProxy */ = {
			isa = PBXContainerItemProxy;
			containerPortal = 053429C2286323F40039D2FE /* Project object */;
			proxyType = 1;
			remoteGlobalIDString = 053429D6286323F50039D2FE;
			remoteInfo = "WatchApp_Gauge WatchKit Extension";
		};
/* End PBXContainerItemProxy section */

/* Begin PBXCopyFilesBuildPhase section */
		053429F2286323F60039D2FE /* Embed App Extensions */ = {
			isa = PBXCopyFilesBuildPhase;
			buildActionMask = 2147483647;
			dstPath = "";
			dstSubfolderSpec = 13;
			files = (
				053429D8286323F50039D2FE /* WatchApp_Gauge WatchKit Extension.appex in Embed App Extensions */,
			);
			name = "Embed App Extensions";
			runOnlyForDeploymentPostprocessing = 0;
		};
		053429F6286323F60039D2FE /* Embed Watch Content */ = {
			isa = PBXCopyFilesBuildPhase;
			buildActionMask = 2147483647;
			dstPath = "$(CONTENTS_FOLDER_PATH)/Watch";
			dstSubfolderSpec = 16;
			files = (
				053429CD286323F40039D2FE /* WatchApp_Gauge WatchKit App.app in Embed Watch Content */,
			);
			name = "Embed Watch Content";
			runOnlyForDeploymentPostprocessing = 0;
		};
/* End PBXCopyFilesBuildPhase section */

/* Begin PBXFileReference section */
		053429C8286323F40039D2FE /* WatchApp_Gauge.app */ = {isa = PBXFileReference; explicitFileType = wrapper.application; includeInIndex = 0; path = WatchApp_Gauge.app; sourceTree = BUILT_PRODUCTS_DIR; };
		053429CC286323F40039D2FE /* WatchApp_Gauge WatchKit App.app */ = {isa = PBXFileReference; explicitFileType = wrapper.application; includeInIndex = 0; path = "WatchApp_Gauge WatchKit App.app"; sourceTree = BUILT_PRODUCTS_DIR; };
		053429D1286323F50039D2FE /* Assets.xcassets */ = {isa = PBXFileReference; lastKnownFileType = folder.assetcatalog; path = Assets.xcassets; sourceTree = "<group>"; };
		053429D7286323F50039D2FE /* WatchApp_Gauge WatchKit Extension.appex */ = {isa = PBXFileReference; explicitFileType = "wrapper.app-extension"; includeInIndex = 0; path = "WatchApp_Gauge WatchKit Extension.appex"; sourceTree = BUILT_PRODUCTS_DIR; };
		053429DC286323F50039D2FE /* WatchApp_GaugeApp.swift */ = {isa = PBXFileReference; lastKnownFileType = sourcecode.swift; path = WatchApp_GaugeApp.swift; sourceTree = "<group>"; };
		053429DE286323F50039D2FE /* ContentView.swift */ = {isa = PBXFileReference; lastKnownFileType = sourcecode.swift; path = ContentView.swift; sourceTree = "<group>"; };
		053429E0286323F50039D2FE /* NotificationController.swift */ = {isa = PBXFileReference; lastKnownFileType = sourcecode.swift; path = NotificationController.swift; sourceTree = "<group>"; };
		053429E2286323F50039D2FE /* NotificationView.swift */ = {isa = PBXFileReference; lastKnownFileType = sourcecode.swift; path = NotificationView.swift; sourceTree = "<group>"; };
		053429E4286323F50039D2FE /* ComplicationController.swift */ = {isa = PBXFileReference; lastKnownFileType = sourcecode.swift; path = ComplicationController.swift; sourceTree = "<group>"; };
		053429E6286323F60039D2FE /* Assets.xcassets */ = {isa = PBXFileReference; lastKnownFileType = folder.assetcatalog; path = Assets.xcassets; sourceTree = "<group>"; };
		053429E9286323F60039D2FE /* Preview Assets.xcassets */ = {isa = PBXFileReference; lastKnownFileType = folder.assetcatalog; path = "Preview Assets.xcassets"; sourceTree = "<group>"; };
		053429EB286323F60039D2FE /* Info.plist */ = {isa = PBXFileReference; lastKnownFileType = text.plist.xml; path = Info.plist; sourceTree = "<group>"; };
		053429EC286323F60039D2FE /* PushNotificationPayload.apns */ = {isa = PBXFileReference; lastKnownFileType = text; path = PushNotificationPayload.apns; sourceTree = "<group>"; };
/* End PBXFileReference section */

/* Begin PBXFrameworksBuildPhase section */
		053429D4286323F50039D2FE /* Frameworks */ = {
			isa = PBXFrameworksBuildPhase;
			buildActionMask = 2147483647;
			files = (
			);
			runOnlyForDeploymentPostprocessing = 0;
		};
/* End PBXFrameworksBuildPhase section */

/* Begin PBXGroup section */
		053429C1286323F40039D2FE = {
			isa = PBXGroup;
			children = (
				053429D0286323F40039D2FE /* WatchApp_Gauge WatchKit App */,
				053429DB286323F50039D2FE /* WatchApp_Gauge WatchKit Extension */,
				053429C9286323F40039D2FE /* Products */,
			);
			sourceTree = "<group>";
		};
		053429C9286323F40039D2FE /* Products */ = {
			isa = PBXGroup;
			children = (
				053429C8286323F40039D2FE /* WatchApp_Gauge.app */,
				053429CC286323F40039D2FE /* WatchApp_Gauge WatchKit App.app */,
				053429D7286323F50039D2FE /* WatchApp_Gauge WatchKit Extension.appex */,
			);
			name = Products;
			sourceTree = "<group>";
		};
		053429D0286323F40039D2FE /* WatchApp_Gauge WatchKit App */ = {
			isa = PBXGroup;
			children = (
				053429D1286323F50039D2FE /* Assets.xcassets */,
			);
			path = "WatchApp_Gauge WatchKit App";
			sourceTree = "<group>";
		};
		053429DB286323F50039D2FE /* WatchApp_Gauge WatchKit Extension */ = {
			isa = PBXGroup;
			children = (
				053429DC286323F50039D2FE /* WatchApp_GaugeApp.swift */,
				053429DE286323F50039D2FE /* ContentView.swift */,
				053429E0286323F50039D2FE /* NotificationController.swift */,
				053429E2286323F50039D2FE /* NotificationView.swift */,
				053429E4286323F50039D2FE /* ComplicationController.swift */,
				053429E6286323F60039D2FE /* Assets.xcassets */,
				053429EB286323F60039D2FE /* Info.plist */,
				053429EC286323F60039D2FE /* PushNotificationPayload.apns */,
				053429E8286323F60039D2FE /* Preview Content */,
			);
			path = "WatchApp_Gauge WatchKit Extension";
			sourceTree = "<group>";
		};
		053429E8286323F60039D2FE /* Preview Content */ = {
			isa = PBXGroup;
			children = (
				053429E9286323F60039D2FE /* Preview Assets.xcassets */,
			);
			path = "Preview Content";
			sourceTree = "<group>";
		};
/* End PBXGroup section */

/* Begin PBXNativeTarget section */
		053429C7286323F40039D2FE /* WatchApp_Gauge */ = {
			isa = PBXNativeTarget;
			buildConfigurationList = 053429F7286323F60039D2FE /* Build configuration list for PBXNativeTarget "WatchApp_Gauge" */;
			buildPhases = (
				053429C6286323F40039D2FE /* Resources */,
				053429F6286323F60039D2FE /* Embed Watch Content */,
			);
			buildRules = (
			);
			dependencies = (
				053429CF286323F40039D2FE /* PBXTargetDependency */,
			);
			name = WatchApp_Gauge;
			productName = WatchApp_Gauge;
			productReference = 053429C8286323F40039D2FE /* WatchApp_Gauge.app */;
			productType = "com.apple.product-type.application.watchapp2-container";
		};
		053429CB286323F40039D2FE /* WatchApp_Gauge WatchKit App */ = {
			isa = PBXNativeTarget;
			buildConfigurationList = 053429F3286323F60039D2FE /* Build configuration list for PBXNativeTarget "WatchApp_Gauge WatchKit App" */;
			buildPhases = (
				053429CA286323F40039D2FE /* Resources */,
				053429F2286323F60039D2FE /* Embed App Extensions */,
			);
			buildRules = (
			);
			dependencies = (
				053429DA286323F50039D2FE /* PBXTargetDependency */,
			);
			name = "WatchApp_Gauge WatchKit App";
			productName = "WatchApp_Gauge WatchKit App";
			productReference = 053429CC286323F40039D2FE /* WatchApp_Gauge WatchKit App.app */;
			productType = "com.apple.product-type.application.watchapp2";
		};
		053429D6286323F50039D2FE /* WatchApp_Gauge WatchKit Extension */ = {
			isa = PBXNativeTarget;
			buildConfigurationList = 053429EF286323F60039D2FE /* Build configuration list for PBXNativeTarget "WatchApp_Gauge WatchKit Extension" */;
			buildPhases = (
				053429D3286323F50039D2FE /* Sources */,
				053429D4286323F50039D2FE /* Frameworks */,
				053429D5286323F50039D2FE /* Resources */,
			);
			buildRules = (
			);
			dependencies = (
			);
			name = "WatchApp_Gauge WatchKit Extension";
			productName = "WatchApp_Gauge WatchKit Extension";
			productReference = 053429D7286323F50039D2FE /* WatchApp_Gauge WatchKit Extension.appex */;
			productType = "com.apple.product-type.watchkit2-extension";
		};
/* End PBXNativeTarget section */

/* Begin PBXProject section */
		053429C2286323F40039D2FE /* Project object */ = {
			isa = PBXProject;
			attributes = {
				BuildIndependentTargetsInParallel = 1;
				LastSwiftUpdateCheck = 1340;
				LastUpgradeCheck = 1340;
				TargetAttributes = {
					053429C7286323F40039D2FE = {
						CreatedOnToolsVersion = 13.4.1;
					};
					053429CB286323F40039D2FE = {
						CreatedOnToolsVersion = 13.4.1;
					};
					053429D6286323F50039D2FE = {
						CreatedOnToolsVersion = 13.4.1;
					};
				};
			};
			buildConfigurationList = 053429C5286323F40039D2FE /* Build configuration list for PBXProject "WatchApp_Gauge" */;
			compatibilityVersion = "Xcode 13.0";
			developmentRegion = en;
			hasScannedForEncodings = 0;
			knownRegions = (
				en,
				Base,
			);
			mainGroup = 053429C1286323F40039D2FE;
			productRefGroup = 053429C9286323F40039D2FE /* Products */;
			projectDirPath = "";
			projectRoot = "";
			targets = (
				053429C7286323F40039D2FE /* WatchApp_Gauge */,
				053429CB286323F40039D2FE /* WatchApp_Gauge WatchKit App */,
				053429D6286323F50039D2FE /* WatchApp_Gauge WatchKit Extension */,
			);
		};
/* End PBXProject section */

/* Begin PBXResourcesBuildPhase section */
		053429C6286323F40039D2FE /* Resources */ = {
			isa = PBXResourcesBuildPhase;
			buildActionMask = 2147483647;
			files = (
			);
			runOnlyForDeploymentPostprocessing = 0;
		};
		053429CA286323F40039D2FE /* Resources */ = {
			isa = PBXResourcesBuildPhase;
			buildActionMask = 2147483647;
			files = (
				053429D2286323F50039D2FE /* Assets.xcassets in Resources */,
			);
			runOnlyForDeploymentPostprocessing = 0;
		};
		053429D5286323F50039D2FE /* Resources */ = {
			isa = PBXResourcesBuildPhase;
			buildActionMask = 2147483647;
			files = (
				053429EA286323F60039D2FE /* Preview Assets.xcassets in Resources */,
				053429E7286323F60039D2FE /* Assets.xcassets in Resources */,
			);
			runOnlyForDeploymentPostprocessing = 0;
		};
/* End PBXResourcesBuildPhase section */

/* Begin PBXSourcesBuildPhase section */
		053429D3286323F50039D2FE /* Sources */ = {
			isa = PBXSourcesBuildPhase;
			buildActionMask = 2147483647;
			files = (
				053429E1286323F50039D2FE /* NotificationController.swift in Sources */,
				053429DF286323F50039D2FE /* ContentView.swift in Sources */,
				053429E5286323F50039D2FE /* ComplicationController.swift in Sources */,
				053429DD286323F50039D2FE /* WatchApp_GaugeApp.swift in Sources */,
				053429E3286323F50039D2FE /* NotificationView.swift in Sources */,
			);
			runOnlyForDeploymentPostprocessing = 0;
		};
/* End PBXSourcesBuildPhase section */

/* Begin PBXTargetDependency section */
		053429CF286323F40039D2FE /* PBXTargetDependency */ = {
			isa = PBXTargetDependency;
			target = 053429CB286323F40039D2FE /* WatchApp_Gauge WatchKit App */;
			targetProxy = 053429CE286323F40039D2FE /* PBXContainerItemProxy */;
		};
		053429DA286323F50039D2FE /* PBXTargetDependency */ = {
			isa = PBXTargetDependency;
			target = 053429D6286323F50039D2FE /* WatchApp_Gauge WatchKit Extension */;
			targetProxy = 053429D9286323F50039D2FE /* PBXContainerItemProxy */;
		};
/* End PBXTargetDependency section */

/* Begin XCBuildConfiguration section */
		053429ED286323F60039D2FE /* Debug */ = {
			isa = XCBuildConfiguration;
			buildSettings = {
				ALWAYS_SEARCH_USER_PATHS = NO;
				CLANG_ANALYZER_NONNULL = YES;
				CLANG_ANALYZER_NUMBER_OBJECT_CONVERSION = YES_AGGRESSIVE;
				CLANG_CXX_LANGUAGE_STANDARD = "gnu++17";
				CLANG_ENABLE_MODULES = YES;
				CLANG_ENABLE_OBJC_ARC = YES;
				CLANG_ENABLE_OBJC_WEAK = YES;
				CLANG_WARN_BLOCK_CAPTURE_AUTORELEASING = YES;
				CLANG_WARN_BOOL_CONVERSION = YES;
				CLANG_WARN_COMMA = YES;
				CLANG_WARN_CONSTANT_CONVERSION = YES;
				CLANG_WARN_DEPRECATED_OBJC_IMPLEMENTATIONS = YES;
				CLANG_WARN_DIRECT_OBJC_ISA_USAGE = YES_ERROR;
				CLANG_WARN_DOCUMENTATION_COMMENTS = YES;
				CLANG_WARN_EMPTY_BODY = YES;
				CLANG_WARN_ENUM_CONVERSION = YES;
				CLANG_WARN_INFINITE_RECURSION = YES;
				CLANG_WARN_INT_CONVERSION = YES;
				CLANG_WARN_NON_LITERAL_NULL_CONVERSION = YES;
				CLANG_WARN_OBJC_IMPLICIT_RETAIN_SELF = YES;
				CLANG_WARN_OBJC_LITERAL_CONVERSION = YES;
				CLANG_WARN_OBJC_ROOT_CLASS = YES_ERROR;
				CLANG_WARN_QUOTED_INCLUDE_IN_FRAMEWORK_HEADER = YES;
				CLANG_WARN_RANGE_LOOP_ANALYSIS = YES;
				CLANG_WARN_STRICT_PROTOTYPES = YES;
				CLANG_WARN_SUSPICIOUS_MOVE = YES;
				CLANG_WARN_UNGUARDED_AVAILABILITY = YES_AGGRESSIVE;
				CLANG_WARN_UNREACHABLE_CODE = YES;
				CLANG_WARN__DUPLICATE_METHOD_MATCH = YES;
				COPY_PHASE_STRIP = NO;
				DEBUG_INFORMATION_FORMAT = dwarf;
				ENABLE_STRICT_OBJC_MSGSEND = YES;
				ENABLE_TESTABILITY = YES;
				GCC_C_LANGUAGE_STANDARD = gnu11;
				GCC_DYNAMIC_NO_PIC = NO;
				GCC_NO_COMMON_BLOCKS = YES;
				GCC_OPTIMIZATION_LEVEL = 0;
				GCC_PREPROCESSOR_DEFINITIONS = (
					"DEBUG=1",
					"$(inherited)",
				);
				GCC_WARN_64_TO_32_BIT_CONVERSION = YES;
				GCC_WARN_ABOUT_RETURN_TYPE = YES_ERROR;
				GCC_WARN_UNDECLARED_SELECTOR = YES;
				GCC_WARN_UNINITIALIZED_AUTOS = YES_AGGRESSIVE;
				GCC_WARN_UNUSED_FUNCTION = YES;
				GCC_WARN_UNUSED_VARIABLE = YES;
				MTL_ENABLE_DEBUG_INFO = INCLUDE_SOURCE;
				MTL_FAST_MATH = YES;
				ONLY_ACTIVE_ARCH = YES;
				SDKROOT = iphoneos;
				SWIFT_ACTIVE_COMPILATION_CONDITIONS = DEBUG;
				SWIFT_OPTIMIZATION_LEVEL = "-Onone";
			};
			name = Debug;
		};
		053429EE286323F60039D2FE /* Release */ = {
			isa = XCBuildConfiguration;
			buildSettings = {
				ALWAYS_SEARCH_USER_PATHS = NO;
				CLANG_ANALYZER_NONNULL = YES;
				CLANG_ANALYZER_NUMBER_OBJECT_CONVERSION = YES_AGGRESSIVE;
				CLANG_CXX_LANGUAGE_STANDARD = "gnu++17";
				CLANG_ENABLE_MODULES = YES;
				CLANG_ENABLE_OBJC_ARC = YES;
				CLANG_ENABLE_OBJC_WEAK = YES;
				CLANG_WARN_BLOCK_CAPTURE_AUTORELEASING = YES;
				CLANG_WARN_BOOL_CONVERSION = YES;
				CLANG_WARN_COMMA = YES;
				CLANG_WARN_CONSTANT_CONVERSION = YES;
				CLANG_WARN_DEPRECATED_OBJC_IMPLEMENTATIONS = YES;
				CLANG_WARN_DIRECT_OBJC_ISA_USAGE = YES_ERROR;
				CLANG_WARN_DOCUMENTATION_COMMENTS = YES;
				CLANG_WARN_EMPTY_BODY = YES;
				CLANG_WARN_ENUM_CONVERSION = YES;
				CLANG_WARN_INFINITE_RECURSION = YES;
				CLANG_WARN_INT_CONVERSION = YES;
				CLANG_WARN_NON_LITERAL_NULL_CONVERSION = YES;
				CLANG_WARN_OBJC_IMPLICIT_RETAIN_SELF = YES;
				CLANG_WARN_OBJC_LITERAL_CONVERSION = YES;
				CLANG_WARN_OBJC_ROOT_CLASS = YES_ERROR;
				CLANG_WARN_QUOTED_INCLUDE_IN_FRAMEWORK_HEADER = YES;
				CLANG_WARN_RANGE_LOOP_ANALYSIS = YES;
				CLANG_WARN_STRICT_PROTOTYPES = YES;
				CLANG_WARN_SUSPICIOUS_MOVE = YES;
				CLANG_WARN_UNGUARDED_AVAILABILITY = YES_AGGRESSIVE;
				CLANG_WARN_UNREACHABLE_CODE = YES;
				CLANG_WARN__DUPLICATE_METHOD_MATCH = YES;
				COPY_PHASE_STRIP = NO;
				DEBUG_INFORMATION_FORMAT = "dwarf-with-dsym";
				ENABLE_NS_ASSERTIONS = NO;
				ENABLE_STRICT_OBJC_MSGSEND = YES;
				GCC_C_LANGUAGE_STANDARD = gnu11;
				GCC_NO_COMMON_BLOCKS = YES;
				GCC_WARN_64_TO_32_BIT_CONVERSION = YES;
				GCC_WARN_ABOUT_RETURN_TYPE = YES_ERROR;
				GCC_WARN_UNDECLARED_SELECTOR = YES;
				GCC_WARN_UNINITIALIZED_AUTOS = YES_AGGRESSIVE;
				GCC_WARN_UNUSED_FUNCTION = YES;
				GCC_WARN_UNUSED_VARIABLE = YES;
				MTL_ENABLE_DEBUG_INFO = NO;
				MTL_FAST_MATH = YES;
				SDKROOT = iphoneos;
				SWIFT_COMPILATION_MODE = wholemodule;
				SWIFT_OPTIMIZATION_LEVEL = "-O";
				VALIDATE_PRODUCT = YES;
			};
			name = Release;
		};
		053429F0286323F60039D2FE /* Debug */ = {
			isa = XCBuildConfiguration;
			buildSettings = {
				ASSETCATALOG_COMPILER_COMPLICATION_NAME = Complication;
				CODE_SIGN_STYLE = Automatic;
				CURRENT_PROJECT_VERSION = 1;
				DEVELOPMENT_ASSET_PATHS = "\"WatchApp_Gauge WatchKit Extension/Preview Content\"";
				DEVELOPMENT_TEAM = 48W46S6C3L;
				ENABLE_PREVIEWS = YES;
				GENERATE_INFOPLIST_FILE = YES;
				INFOPLIST_FILE = "WatchApp_Gauge WatchKit Extension/Info.plist";
				INFOPLIST_KEY_CFBundleDisplayName = "WatchApp_Gauge WatchKit Extension";
				INFOPLIST_KEY_CLKComplicationPrincipalClass = "$(PRODUCT_MODULE_NAME).ComplicationController";
				INFOPLIST_KEY_NSHumanReadableCopyright = "";
				INFOPLIST_KEY_WKWatchOnly = YES;
				LD_RUNPATH_SEARCH_PATHS = (
					"$(inherited)",
					"@executable_path/Frameworks",
					"@executable_path/../../Frameworks",
				);
				MARKETING_VERSION = 1.0;
				PRODUCT_BUNDLE_IDENTIFIER = "lvv12001.WatchApp-Gauge.watchkitapp.watchkitextension";
				PRODUCT_NAME = "${TARGET_NAME}";
				SDKROOT = watchos;
				SKIP_INSTALL = YES;
				SWIFT_EMIT_LOC_STRINGS = YES;
				SWIFT_VERSION = 5.0;
				TARGETED_DEVICE_FAMILY = 4;
				WATCHOS_DEPLOYMENT_TARGET = 8.5;
			};
			name = Debug;
		};
		053429F1286323F60039D2FE /* Release */ = {
			isa = XCBuildConfiguration;
			buildSettings = {
				ASSETCATALOG_COMPILER_COMPLICATION_NAME = Complication;
				CODE_SIGN_STYLE = Automatic;
				CURRENT_PROJECT_VERSION = 1;
				DEVELOPMENT_ASSET_PATHS = "\"WatchApp_Gauge WatchKit Extension/Preview Content\"";
				DEVELOPMENT_TEAM = 48W46S6C3L;
				ENABLE_PREVIEWS = YES;
				GENERATE_INFOPLIST_FILE = YES;
				INFOPLIST_FILE = "WatchApp_Gauge WatchKit Extension/Info.plist";
				INFOPLIST_KEY_CFBundleDisplayName = "WatchApp_Gauge WatchKit Extension";
				INFOPLIST_KEY_CLKComplicationPrincipalClass = "$(PRODUCT_MODULE_NAME).ComplicationController";
				INFOPLIST_KEY_NSHumanReadableCopyright = "";
				INFOPLIST_KEY_WKWatchOnly = YES;
				LD_RUNPATH_SEARCH_PATHS = (
					"$(inherited)",
					"@executable_path/Frameworks",
					"@executable_path/../../Frameworks",
				);
				MARKETING_VERSION = 1.0;
				PRODUCT_BUNDLE_IDENTIFIER = "lvv12001.WatchApp-Gauge.watchkitapp.watchkitextension";
				PRODUCT_NAME = "${TARGET_NAME}";
				SDKROOT = watchos;
				SKIP_INSTALL = YES;
				SWIFT_EMIT_LOC_STRINGS = YES;
				SWIFT_VERSION = 5.0;
				TARGETED_DEVICE_FAMILY = 4;
				WATCHOS_DEPLOYMENT_TARGET = 8.5;
			};
			name = Release;
		};
		053429F4286323F60039D2FE /* Debug */ = {
			isa = XCBuildConfiguration;
			buildSettings = {
				ALWAYS_EMBED_SWIFT_STANDARD_LIBRARIES = YES;
				ASSETCATALOG_COMPILER_APPICON_NAME = AppIcon;
				ASSETCATALOG_COMPILER_GLOBAL_ACCENT_COLOR_NAME = AccentColor;
				CODE_SIGN_STYLE = Automatic;
				CURRENT_PROJECT_VERSION = 1;
				DEVELOPMENT_TEAM = 48W46S6C3L;
				GENERATE_INFOPLIST_FILE = YES;
				IBSC_MODULE = WatchApp_Gauge_WatchKit_Extension;
				INFOPLIST_KEY_CFBundleDisplayName = "WatchApp_Gauge WatchKit App";
				INFOPLIST_KEY_UISupportedInterfaceOrientations = "UIInterfaceOrientationPortrait UIInterfaceOrientationPortraitUpsideDown";
				MARKETING_VERSION = 1.0;
				PRODUCT_BUNDLE_IDENTIFIER = "lvv12001.WatchApp-Gauge.watchkitapp";
				PRODUCT_NAME = "$(TARGET_NAME)";
				SDKROOT = watchos;
				SKIP_INSTALL = YES;
				SWIFT_EMIT_LOC_STRINGS = YES;
				SWIFT_VERSION = 5.0;
				TARGETED_DEVICE_FAMILY = 4;
				WATCHOS_DEPLOYMENT_TARGET = 8.5;
			};
			name = Debug;
		};
		053429F5286323F60039D2FE /* Release */ = {
			isa = XCBuildConfiguration;
			buildSettings = {
				ALWAYS_EMBED_SWIFT_STANDARD_LIBRARIES = YES;
				ASSETCATALOG_COMPILER_APPICON_NAME = AppIcon;
				ASSETCATALOG_COMPILER_GLOBAL_ACCENT_COLOR_NAME = AccentColor;
				CODE_SIGN_STYLE = Automatic;
				CURRENT_PROJECT_VERSION = 1;
				DEVELOPMENT_TEAM = 48W46S6C3L;
				GENERATE_INFOPLIST_FILE = YES;
				IBSC_MODULE = WatchApp_Gauge_WatchKit_Extension;
				INFOPLIST_KEY_CFBundleDisplayName = "WatchApp_Gauge WatchKit App";
				INFOPLIST_KEY_UISupportedInterfaceOrientations = "UIInterfaceOrientationPortrait UIInterfaceOrientationPortraitUpsideDown";
				MARKETING_VERSION = 1.0;
				PRODUCT_BUNDLE_IDENTIFIER = "lvv12001.WatchApp-Gauge.watchkitapp";
				PRODUCT_NAME = "$(TARGET_NAME)";
				SDKROOT = watchos;
				SKIP_INSTALL = YES;
				SWIFT_EMIT_LOC_STRINGS = YES;
				SWIFT_VERSION = 5.0;
				TARGETED_DEVICE_FAMILY = 4;
				WATCHOS_DEPLOYMENT_TARGET = 8.5;
			};
			name = Release;
		};
		053429F8286323F60039D2FE /* Debug */ = {
			isa = XCBuildConfiguration;
			buildSettings = {
				CODE_SIGN_STYLE = Automatic;
				CURRENT_PROJECT_VERSION = 1;
				DEVELOPMENT_TEAM = 48W46S6C3L;
				MARKETING_VERSION = 1.0;
				PRODUCT_BUNDLE_IDENTIFIER = "lvv12001.WatchApp-Gauge";
				PRODUCT_NAME = "$(TARGET_NAME)";
				SWIFT_VERSION = 5.0;
			};
			name = Debug;
		};
		053429F9286323F60039D2FE /* Release */ = {
			isa = XCBuildConfiguration;
			buildSettings = {
				CODE_SIGN_STYLE = Automatic;
				CURRENT_PROJECT_VERSION = 1;
				DEVELOPMENT_TEAM = 48W46S6C3L;
				MARKETING_VERSION = 1.0;
				PRODUCT_BUNDLE_IDENTIFIER = "lvv12001.WatchApp-Gauge";
				PRODUCT_NAME = "$(TARGET_NAME)";
				SWIFT_VERSION = 5.0;
			};
			name = Release;
		};
/* End XCBuildConfiguration section */

/* Begin XCConfigurationList section */
		053429C5286323F40039D2FE /* Build configuration list for PBXProject "WatchApp_Gauge" */ = {
			isa = XCConfigurationList;
			buildConfigurations = (
				053429ED286323F60039D2FE /* Debug */,
				053429EE286323F60039D2FE /* Release */,
			);
			defaultConfigurationIsVisible = 0;
			defaultConfigurationName = Release;
		};
		053429EF286323F60039D2FE /* Build configuration list for PBXNativeTarget "WatchApp_Gauge WatchKit Extension" */ = {
			isa = XCConfigurationList;
			buildConfigurations = (
				053429F0286323F60039D2FE /* Debug */,
				053429F1286323F60039D2FE /* Release */,
			);
			defaultConfigurationIsVisible = 0;
			defaultConfigurationName = Release;
		};
		053429F3286323F60039D2FE /* Build configuration list for PBXNativeTarget "WatchApp_Gauge WatchKit App" */ = {
			isa = XCConfigurationList;
			buildConfigurations = (
				053429F4286323F60039D2FE /* Debug */,
				053429F5286323F60039D2FE /* Release */,
			);
			defaultConfigurationIsVisible = 0;
			defaultConfigurationName = Release;
		};
		053429F7286323F60039D2FE /* Build configuration list for PBXNativeTarget "WatchApp_Gauge" */ = {
			isa = XCConfigurationList;
			buildConfigurations = (
				053429F8286323F60039D2FE /* Debug */,
				053429F9286323F60039D2FE /* Release */,
			);
			defaultConfigurationIsVisible = 0;
			defaultConfigurationName = Release;
		};
/* End XCConfigurationList section */
	};
	rootObject = 053429C2286323F40039D2FE /* Project object */;
}
